// !$*UTF8*$!
{
	archiveVersion = 1;
	classes = {
	};
	objectVersion = 56;
	objects = {

/* Begin PBXBuildFile section */
		57274D2629DCC32F00DD6D6A /* TableViewController.swift in Sources */ = {isa = PBXBuildFile; fileRef = 57274D2529DCC32F00DD6D6A /* TableViewController.swift */; };
		57274D2929DCC3D800DD6D6A /* AdicionarViewController.swift in Sources */ = {isa = PBXBuildFile; fileRef = 57274D2829DCC3D800DD6D6A /* AdicionarViewController.swift */; };
		57274D2C29DCC46A00DD6D6A /* TarefasUserDefaults.swift in Sources */ = {isa = PBXBuildFile; fileRef = 57274D2B29DCC46900DD6D6A /* TarefasUserDefaults.swift */; };
		573EC38D29DA3BA1007B18CE /* AppDelegate.swift in Sources */ = {isa = PBXBuildFile; fileRef = 573EC38C29DA3BA1007B18CE /* AppDelegate.swift */; };
		573EC38F29DA3BA1007B18CE /* SceneDelegate.swift in Sources */ = {isa = PBXBuildFile; fileRef = 573EC38E29DA3BA1007B18CE /* SceneDelegate.swift */; };
		573EC39429DA3BA1007B18CE /* Main.storyboard in Resources */ = {isa = PBXBuildFile; fileRef = 573EC39229DA3BA1007B18CE /* Main.storyboard */; };
		573EC39629DA3BA1007B18CE /* Assets.xcassets in Resources */ = {isa = PBXBuildFile; fileRef = 573EC39529DA3BA1007B18CE /* Assets.xcassets */; };
		573EC39929DA3BA1007B18CE /* LaunchScreen.storyboard in Resources */ = {isa = PBXBuildFile; fileRef = 573EC39729DA3BA1007B18CE /* LaunchScreen.storyboard */; };
		573EC3A429DA3BA2007B18CE /* CurriculoTests.swift in Sources */ = {isa = PBXBuildFile; fileRef = 573EC3A329DA3BA2007B18CE /* CurriculoTests.swift */; };
		573EC3AE29DA3BA2007B18CE /* CurriculoUITests.swift in Sources */ = {isa = PBXBuildFile; fileRef = 573EC3AD29DA3BA2007B18CE /* CurriculoUITests.swift */; };
		573EC3B029DA3BA2007B18CE /* CurriculoUITestsLaunchTests.swift in Sources */ = {isa = PBXBuildFile; fileRef = 573EC3AF29DA3BA2007B18CE /* CurriculoUITestsLaunchTests.swift */; };
		57A244A429DE153100776488 /* Map.swift in Sources */ = {isa = PBXBuildFile; fileRef = 57A244A329DE153100776488 /* Map.swift */; };
		57ECF39D29DA4FA50012C4AC /* _.png in Resources */ = {isa = PBXBuildFile; fileRef = 57ECF39C29DA4FA50012C4AC /* _.png */; };
		57ECF3A029DA5C0A0012C4AC /* MainHomeController.swift in Sources */ = {isa = PBXBuildFile; fileRef = 57ECF39F29DA5C0A0012C4AC /* MainHomeController.swift */; };
/* End PBXBuildFile section */

/* Begin PBXContainerItemProxy section */
		573EC3A029DA3BA2007B18CE /* PBXContainerItemProxy */ = {
			isa = PBXContainerItemProxy;
			containerPortal = 573EC38129DA3BA1007B18CE /* Project object */;
			proxyType = 1;
			remoteGlobalIDString = 573EC38829DA3BA1007B18CE;
			remoteInfo = Curriculo;
		};
		573EC3AA29DA3BA2007B18CE /* PBXContainerItemProxy */ = {
			isa = PBXContainerItemProxy;
			containerPortal = 573EC38129DA3BA1007B18CE /* Project object */;
			proxyType = 1;
			remoteGlobalIDString = 573EC38829DA3BA1007B18CE;
			remoteInfo = Curriculo;
		};
/* End PBXContainerItemProxy section */

/* Begin PBXFileReference section */
		57274D2529DCC32F00DD6D6A /* TableViewController.swift */ = {isa = PBXFileReference; lastKnownFileType = sourcecode.swift; path = TableViewController.swift; sourceTree = "<group>"; };
		57274D2829DCC3D800DD6D6A /* AdicionarViewController.swift */ = {isa = PBXFileReference; lastKnownFileType = sourcecode.swift; path = AdicionarViewController.swift; sourceTree = "<group>"; };
		57274D2B29DCC46900DD6D6A /* TarefasUserDefaults.swift */ = {isa = PBXFileReference; lastKnownFileType = sourcecode.swift; path = TarefasUserDefaults.swift; sourceTree = "<group>"; };
		573EC38929DA3BA1007B18CE /* Curriculo.app */ = {isa = PBXFileReference; explicitFileType = wrapper.application; includeInIndex = 0; path = Curriculo.app; sourceTree = BUILT_PRODUCTS_DIR; };
		573EC38C29DA3BA1007B18CE /* AppDelegate.swift */ = {isa = PBXFileReference; lastKnownFileType = sourcecode.swift; path = AppDelegate.swift; sourceTree = "<group>"; };
		573EC38E29DA3BA1007B18CE /* SceneDelegate.swift */ = {isa = PBXFileReference; lastKnownFileType = sourcecode.swift; path = SceneDelegate.swift; sourceTree = "<group>"; };
		573EC39329DA3BA1007B18CE /* Base */ = {isa = PBXFileReference; lastKnownFileType = file.storyboard; name = Base; path = Base.lproj/Main.storyboard; sourceTree = "<group>"; };
		573EC39529DA3BA1007B18CE /* Assets.xcassets */ = {isa = PBXFileReference; lastKnownFileType = folder.assetcatalog; path = Assets.xcassets; sourceTree = "<group>"; };
		573EC39829DA3BA1007B18CE /* Base */ = {isa = PBXFileReference; lastKnownFileType = file.storyboard; name = Base; path = Base.lproj/LaunchScreen.storyboard; sourceTree = "<group>"; };
		573EC39A29DA3BA1007B18CE /* Info.plist */ = {isa = PBXFileReference; lastKnownFileType = text.plist.xml; path = Info.plist; sourceTree = "<group>"; };
		573EC39F29DA3BA2007B18CE /* CurriculoTests.xctest */ = {isa = PBXFileReference; explicitFileType = wrapper.cfbundle; includeInIndex = 0; path = CurriculoTests.xctest; sourceTree = BUILT_PRODUCTS_DIR; };
		573EC3A329DA3BA2007B18CE /* CurriculoTests.swift */ = {isa = PBXFileReference; lastKnownFileType = sourcecode.swift; path = CurriculoTests.swift; sourceTree = "<group>"; };
		573EC3A929DA3BA2007B18CE /* CurriculoUITests.xctest */ = {isa = PBXFileReference; explicitFileType = wrapper.cfbundle; includeInIndex = 0; path = CurriculoUITests.xctest; sourceTree = BUILT_PRODUCTS_DIR; };
		573EC3AD29DA3BA2007B18CE /* CurriculoUITests.swift */ = {isa = PBXFileReference; lastKnownFileType = sourcecode.swift; path = CurriculoUITests.swift; sourceTree = "<group>"; };
		573EC3AF29DA3BA2007B18CE /* CurriculoUITestsLaunchTests.swift */ = {isa = PBXFileReference; lastKnownFileType = sourcecode.swift; path = CurriculoUITestsLaunchTests.swift; sourceTree = "<group>"; };
		5789DFF629E0FD6800ED0BBB /* icons8-google-maps-32.png */ = {isa = PBXFileReference; lastKnownFileType = image.png; path = "icons8-google-maps-32.png"; sourceTree = "<group>"; };
		5789DFF829E0FE7D00ED0BBB /* icons8-google-maps-32.png */ = {isa = PBXFileReference; lastKnownFileType = image.png; name = "icons8-google-maps-32.png"; path = "../../../Downloads/icons8-google-maps-32.png"; sourceTree = "<group>"; };
		5789DFF929E0FEF900ED0BBB /* icons8-google-maps-32 (1).png */ = {isa = PBXFileReference; lastKnownFileType = image.png; name = "icons8-google-maps-32 (1).png"; path = "../../../Downloads/icons8-google-maps-32 (1).png"; sourceTree = "<group>"; };
		5789DFFA29E1003900ED0BBB /* icons8-geography-32.png */ = {isa = PBXFileReference; lastKnownFileType = image.png; name = "icons8-geography-32.png"; path = "../../../Downloads/icons8-geography-ios-16/icons8-geography-32.png"; sourceTree = "<group>"; };
		5789DFFB29E1003900ED0BBB /* icons8-geography-50.png */ = {isa = PBXFileReference; lastKnownFileType = image.png; name = "icons8-geography-50.png"; path = "../../../Downloads/icons8-geography-ios-16/icons8-geography-50.png"; sourceTree = "<group>"; };
		5789DFFC29E100EA00ED0BBB /* icons8-google-maps-24.png */ = {isa = PBXFileReference; lastKnownFileType = image.png; name = "icons8-google-maps-24.png"; path = "../../../Downloads/icons8-google-maps-24.png"; sourceTree = "<group>"; };
		57A244A329DE153100776488 /* Map.swift */ = {isa = PBXFileReference; lastKnownFileType = sourcecode.swift; path = Map.swift; sourceTree = "<group>"; };
		57C4527929ECAE2C00DCD29C /* LogoCurriculo.png */ = {isa = PBXFileReference; lastKnownFileType = image.png; name = LogoCurriculo.png; path = ../../LogoCurriculo.png; sourceTree = "<group>"; };
		57C4527A29ECB3CB00DCD29C /* icons8-notes-32.png */ = {isa = PBXFileReference; lastKnownFileType = image.png; name = "icons8-notes-32.png"; path = "../../../Downloads/icons8-notes-32.png"; sourceTree = "<group>"; };
		57C4527B29ECB3DC00DCD29C /* icons8-notes-64.png */ = {isa = PBXFileReference; lastKnownFileType = image.png; name = "icons8-notes-64.png"; path = "../../../Downloads/icons8-notes-64.png"; sourceTree = "<group>"; };
		57C4527C29ECB45600DCD29C /* logo.png */ = {isa = PBXFileReference; lastKnownFileType = image.png; name = logo.png; path = "../../../Downloads/imagens-minhas-viagens/logo.png"; sourceTree = "<group>"; };
		57C4527D29ECB55500DCD29C /* _ 1.png */ = {isa = PBXFileReference; lastKnownFileType = image.png; name = "_ 1.png"; path = "../../../Downloads/_ 1.png"; sourceTree = "<group>"; };
		57C4527E29ECB59300DCD29C /* WHO AM I_.png */ = {isa = PBXFileReference; lastKnownFileType = image.png; name = "WHO AM I_.png"; path = "../../../Downloads/Untitled/WHO AM I_.png"; sourceTree = "<group>"; };
		57C4527F29ECB5A100DCD29C /* 1939574 1.png */ = {isa = PBXFileReference; lastKnownFileType = image.png; name = "1939574 1.png"; path = "../../../Downloads/Untitled/1939574 1.png"; sourceTree = "<group>"; };
		57ECF39C29DA4FA50012C4AC /* _.png */ = {isa = PBXFileReference; lastKnownFileType = image.png; name = _.png; path = ../../../Downloads/_.png; sourceTree = "<group>"; };
		57ECF39F29DA5C0A0012C4AC /* MainHomeController.swift */ = {isa = PBXFileReference; lastKnownFileType = sourcecode.swift; path = MainHomeController.swift; sourceTree = "<group>"; };
/* End PBXFileReference section */

/* Begin PBXFrameworksBuildPhase section */
		573EC38629DA3BA1007B18CE /* Frameworks */ = {
			isa = PBXFrameworksBuildPhase;
			buildActionMask = 2147483647;
			files = (
			);
			runOnlyForDeploymentPostprocessing = 0;
		};
		573EC39C29DA3BA2007B18CE /* Frameworks */ = {
			isa = PBXFrameworksBuildPhase;
			buildActionMask = 2147483647;
			files = (
			);
			runOnlyForDeploymentPostprocessing = 0;
		};
		573EC3A629DA3BA2007B18CE /* Frameworks */ = {
			isa = PBXFrameworksBuildPhase;
			buildActionMask = 2147483647;
			files = (
			);
			runOnlyForDeploymentPostprocessing = 0;
		};
/* End PBXFrameworksBuildPhase section */

/* Begin PBXGroup section */
		57274D2429DCC2F600DD6D6A /* TableViewControllerLista */ = {
			isa = PBXGroup;
			children = (
				57274D2529DCC32F00DD6D6A /* TableViewController.swift */,
			);
			path = TableViewControllerLista;
			sourceTree = "<group>";
		};
		57274D2729DCC3A200DD6D6A /* AdicionarViewControllerLista */ = {
			isa = PBXGroup;
			children = (
				57274D2829DCC3D800DD6D6A /* AdicionarViewController.swift */,
			);
			path = AdicionarViewControllerLista;
			sourceTree = "<group>";
		};
		57274D2A29DCC45500DD6D6A /* UserDefaults */ = {
			isa = PBXGroup;
			children = (
				57274D2B29DCC46900DD6D6A /* TarefasUserDefaults.swift */,
			);
			path = UserDefaults;
			sourceTree = "<group>";
		};
		573EC38029DA3BA1007B18CE = {
			isa = PBXGroup;
			children = (
				57A244A529DE17BD00776488 /* Assets */,
				57A244A229DE151D00776488 /* Map */,
				57274D2A29DCC45500DD6D6A /* UserDefaults */,
				57274D2729DCC3A200DD6D6A /* AdicionarViewControllerLista */,
				57274D2429DCC2F600DD6D6A /* TableViewControllerLista */,
				57ECF39E29DA57F10012C4AC /* HomeMain */,
				573EC38B29DA3BA1007B18CE /* Curriculo */,
				573EC3A229DA3BA2007B18CE /* CurriculoTests */,
				573EC3AC29DA3BA2007B18CE /* CurriculoUITests */,
				573EC38A29DA3BA1007B18CE /* Products */,
			);
			sourceTree = "<group>";
		};
		573EC38A29DA3BA1007B18CE /* Products */ = {
			isa = PBXGroup;
			children = (
				573EC38929DA3BA1007B18CE /* Curriculo.app */,
				573EC39F29DA3BA2007B18CE /* CurriculoTests.xctest */,
				573EC3A929DA3BA2007B18CE /* CurriculoUITests.xctest */,
			);
			name = Products;
			sourceTree = "<group>";
		};
		573EC38B29DA3BA1007B18CE /* Curriculo */ = {
			isa = PBXGroup;
			children = (
				573EC38C29DA3BA1007B18CE /* AppDelegate.swift */,
				573EC38E29DA3BA1007B18CE /* SceneDelegate.swift */,
				57ECF39C29DA4FA50012C4AC /* _.png */,
				573EC39529DA3BA1007B18CE /* Assets.xcassets */,
				573EC39729DA3BA1007B18CE /* LaunchScreen.storyboard */,
				573EC39A29DA3BA1007B18CE /* Info.plist */,
			);
			path = Curriculo;
			sourceTree = "<group>";
		};
		573EC3A229DA3BA2007B18CE /* CurriculoTests */ = {
			isa = PBXGroup;
			children = (
				573EC3A329DA3BA2007B18CE /* CurriculoTests.swift */,
			);
			path = CurriculoTests;
			sourceTree = "<group>";
		};
		573EC3AC29DA3BA2007B18CE /* CurriculoUITests */ = {
			isa = PBXGroup;
			children = (
				573EC3AD29DA3BA2007B18CE /* CurriculoUITests.swift */,
				573EC3AF29DA3BA2007B18CE /* CurriculoUITestsLaunchTests.swift */,
			);
			path = CurriculoUITests;
			sourceTree = "<group>";
		};
		57A244A229DE151D00776488 /* Map */ = {
			isa = PBXGroup;
			children = (
				57A244A329DE153100776488 /* Map.swift */,
			);
			path = Map;
			sourceTree = "<group>";
		};
		57A244A529DE17BD00776488 /* Assets */ = {
			isa = PBXGroup;
			children = (
				5789DFFA29E1003900ED0BBB /* icons8-geography-32.png */,
				5789DFFB29E1003900ED0BBB /* icons8-geography-50.png */,
				57C4527A29ECB3CB00DCD29C /* icons8-notes-32.png */,
				57C4527F29ECB5A100DCD29C /* 1939574 1.png */,
				57C4527E29ECB59300DCD29C /* WHO AM I_.png */,
				57C4527C29ECB45600DCD29C /* logo.png */,
				5789DFFC29E100EA00ED0BBB /* icons8-google-maps-24.png */,
				57C4527929ECAE2C00DCD29C /* LogoCurriculo.png */,
				57C4527D29ECB55500DCD29C /* _ 1.png */,
				5789DFF829E0FE7D00ED0BBB /* icons8-google-maps-32.png */,
				57C4527B29ECB3DC00DCD29C /* icons8-notes-64.png */,
				5789DFF929E0FEF900ED0BBB /* icons8-google-maps-32 (1).png */,
				5789DFF629E0FD6800ED0BBB /* icons8-google-maps-32.png */,
			);
			path = Assets;
			sourceTree = "<group>";
		};
		57ECF39E29DA57F10012C4AC /* HomeMain */ = {
			isa = PBXGroup;
			children = (
				57ECF39F29DA5C0A0012C4AC /* MainHomeController.swift */,
				573EC39229DA3BA1007B18CE /* Main.storyboard */,
			);
			path = HomeMain;
			sourceTree = "<group>";
		};
/* End PBXGroup section */

/* Begin PBXNativeTarget section */
		573EC38829DA3BA1007B18CE /* Curriculo */ = {
			isa = PBXNativeTarget;
			buildConfigurationList = 573EC3B329DA3BA2007B18CE /* Build configuration list for PBXNativeTarget "Curriculo" */;
			buildPhases = (
				573EC38529DA3BA1007B18CE /* Sources */,
				573EC38629DA3BA1007B18CE /* Frameworks */,
				573EC38729DA3BA1007B18CE /* Resources */,
			);
			buildRules = (
			);
			dependencies = (
			);
			name = Curriculo;
			productName = Curriculo;
			productReference = 573EC38929DA3BA1007B18CE /* Curriculo.app */;
			productType = "com.apple.product-type.application";
		};
		573EC39E29DA3BA2007B18CE /* CurriculoTests */ = {
			isa = PBXNativeTarget;
			buildConfigurationList = 573EC3B629DA3BA2007B18CE /* Build configuration list for PBXNativeTarget "CurriculoTests" */;
			buildPhases = (
				573EC39B29DA3BA2007B18CE /* Sources */,
				573EC39C29DA3BA2007B18CE /* Frameworks */,
				573EC39D29DA3BA2007B18CE /* Resources */,
			);
			buildRules = (
			);
			dependencies = (
				573EC3A129DA3BA2007B18CE /* PBXTargetDependency */,
			);
			name = CurriculoTests;
			productName = CurriculoTests;
			productReference = 573EC39F29DA3BA2007B18CE /* CurriculoTests.xctest */;
			productType = "com.apple.product-type.bundle.unit-test";
		};
		573EC3A829DA3BA2007B18CE /* CurriculoUITests */ = {
			isa = PBXNativeTarget;
			buildConfigurationList = 573EC3B929DA3BA2007B18CE /* Build configuration list for PBXNativeTarget "CurriculoUITests" */;
			buildPhases = (
				573EC3A529DA3BA2007B18CE /* Sources */,
				573EC3A629DA3BA2007B18CE /* Frameworks */,
				573EC3A729DA3BA2007B18CE /* Resources */,
			);
			buildRules = (
			);
			dependencies = (
				573EC3AB29DA3BA2007B18CE /* PBXTargetDependency */,
			);
			name = CurriculoUITests;
			productName = CurriculoUITests;
			productReference = 573EC3A929DA3BA2007B18CE /* CurriculoUITests.xctest */;
			productType = "com.apple.product-type.bundle.ui-testing";
		};
/* End PBXNativeTarget section */

/* Begin PBXProject section */
		573EC38129DA3BA1007B18CE /* Project object */ = {
			isa = PBXProject;
			attributes = {
				BuildIndependentTargetsInParallel = 1;
				LastSwiftUpdateCheck = 1420;
				LastUpgradeCheck = 1420;
				TargetAttributes = {
					573EC38829DA3BA1007B18CE = {
						CreatedOnToolsVersion = 14.2;
					};
					573EC39E29DA3BA2007B18CE = {
						CreatedOnToolsVersion = 14.2;
						TestTargetID = 573EC38829DA3BA1007B18CE;
					};
					573EC3A829DA3BA2007B18CE = {
						CreatedOnToolsVersion = 14.2;
						TestTargetID = 573EC38829DA3BA1007B18CE;
					};
				};
			};
			buildConfigurationList = 573EC38429DA3BA1007B18CE /* Build configuration list for PBXProject "Curriculo" */;
			compatibilityVersion = "Xcode 14.0";
			developmentRegion = en;
			hasScannedForEncodings = 0;
			knownRegions = (
				en,
				Base,
			);
			mainGroup = 573EC38029DA3BA1007B18CE;
			productRefGroup = 573EC38A29DA3BA1007B18CE /* Products */;
			projectDirPath = "";
			projectRoot = "";
			targets = (
				573EC38829DA3BA1007B18CE /* Curriculo */,
				573EC39E29DA3BA2007B18CE /* CurriculoTests */,
				573EC3A829DA3BA2007B18CE /* CurriculoUITests */,
			);
		};
/* End PBXProject section */

/* Begin PBXResourcesBuildPhase section */
		573EC38729DA3BA1007B18CE /* Resources */ = {
			isa = PBXResourcesBuildPhase;
			buildActionMask = 2147483647;
			files = (
				573EC39929DA3BA1007B18CE /* LaunchScreen.storyboard in Resources */,
				573EC39629DA3BA1007B18CE /* Assets.xcassets in Resources */,
				573EC39429DA3BA1007B18CE /* Main.storyboard in Resources */,
				57ECF39D29DA4FA50012C4AC /* _.png in Resources */,
			);
			runOnlyForDeploymentPostprocessing = 0;
		};
		573EC39D29DA3BA2007B18CE /* Resources */ = {
			isa = PBXResourcesBuildPhase;
			buildActionMask = 2147483647;
			files = (
			);
			runOnlyForDeploymentPostprocessing = 0;
		};
		573EC3A729DA3BA2007B18CE /* Resources */ = {
			isa = PBXResourcesBuildPhase;
			buildActionMask = 2147483647;
			files = (
			);
			runOnlyForDeploymentPostprocessing = 0;
		};
/* End PBXResourcesBuildPhase section */

/* Begin PBXSourcesBuildPhase section */
		573EC38529DA3BA1007B18CE /* Sources */ = {
			isa = PBXSourcesBuildPhase;
			buildActionMask = 2147483647;
			files = (
				57274D2929DCC3D800DD6D6A /* AdicionarViewController.swift in Sources */,
				573EC38D29DA3BA1007B18CE /* AppDelegate.swift in Sources */,
				57ECF3A029DA5C0A0012C4AC /* MainHomeController.swift in Sources */,
				57A244A429DE153100776488 /* Map.swift in Sources */,
				57274D2C29DCC46A00DD6D6A /* TarefasUserDefaults.swift in Sources */,
				573EC38F29DA3BA1007B18CE /* SceneDelegate.swift in Sources */,
				57274D2629DCC32F00DD6D6A /* TableViewController.swift in Sources */,
			);
			runOnlyForDeploymentPostprocessing = 0;
		};
		573EC39B29DA3BA2007B18CE /* Sources */ = {
			isa = PBXSourcesBuildPhase;
			buildActionMask = 2147483647;
			files = (
				573EC3A429DA3BA2007B18CE /* CurriculoTests.swift in Sources */,
			);
			runOnlyForDeploymentPostprocessing = 0;
		};
		573EC3A529DA3BA2007B18CE /* Sources */ = {
			isa = PBXSourcesBuildPhase;
			buildActionMask = 2147483647;
			files = (
				573EC3AE29DA3BA2007B18CE /* CurriculoUITests.swift in Sources */,
				573EC3B029DA3BA2007B18CE /* CurriculoUITestsLaunchTests.swift in Sources */,
			);
			runOnlyForDeploymentPostprocessing = 0;
		};
/* End PBXSourcesBuildPhase section */

/* Begin PBXTargetDependency section */
		573EC3A129DA3BA2007B18CE /* PBXTargetDependency */ = {
			isa = PBXTargetDependency;
			target = 573EC38829DA3BA1007B18CE /* Curriculo */;
			targetProxy = 573EC3A029DA3BA2007B18CE /* PBXContainerItemProxy */;
		};
		573EC3AB29DA3BA2007B18CE /* PBXTargetDependency */ = {
			isa = PBXTargetDependency;
			target = 573EC38829DA3BA1007B18CE /* Curriculo */;
			targetProxy = 573EC3AA29DA3BA2007B18CE /* PBXContainerItemProxy */;
		};
/* End PBXTargetDependency section */

/* Begin PBXVariantGroup section */
		573EC39229DA3BA1007B18CE /* Main.storyboard */ = {
			isa = PBXVariantGroup;
			children = (
				573EC39329DA3BA1007B18CE /* Base */,
			);
			name = Main.storyboard;
			sourceTree = "<group>";
		};
		573EC39729DA3BA1007B18CE /* LaunchScreen.storyboard */ = {
			isa = PBXVariantGroup;
			children = (
				573EC39829DA3BA1007B18CE /* Base */,
			);
			name = LaunchScreen.storyboard;
			sourceTree = "<group>";
		};
/* End PBXVariantGroup section */

/* Begin XCBuildConfiguration section */
		573EC3B129DA3BA2007B18CE /* Debug */ = {
			isa = XCBuildConfiguration;
			buildSettings = {
				ALWAYS_SEARCH_USER_PATHS = NO;
				CLANG_ANALYZER_NONNULL = YES;
				CLANG_ANALYZER_NUMBER_OBJECT_CONVERSION = YES_AGGRESSIVE;
				CLANG_CXX_LANGUAGE_STANDARD = "gnu++20";
				CLANG_ENABLE_MODULES = YES;
				CLANG_ENABLE_OBJC_ARC = YES;
				CLANG_ENABLE_OBJC_WEAK = YES;
				CLANG_WARN_BLOCK_CAPTURE_AUTORELEASING = YES;
				CLANG_WARN_BOOL_CONVERSION = YES;
				CLANG_WARN_COMMA = YES;
				CLANG_WARN_CONSTANT_CONVERSION = YES;
				CLANG_WARN_DEPRECATED_OBJC_IMPLEMENTATIONS = YES;
				CLANG_WARN_DIRECT_OBJC_ISA_USAGE = YES_ERROR;
				CLANG_WARN_DOCUMENTATION_COMMENTS = YES;
				CLANG_WARN_EMPTY_BODY = YES;
				CLANG_WARN_ENUM_CONVERSION = YES;
				CLANG_WARN_INFINITE_RECURSION = YES;
				CLANG_WARN_INT_CONVERSION = YES;
				CLANG_WARN_NON_LITERAL_NULL_CONVERSION = YES;
				CLANG_WARN_OBJC_IMPLICIT_RETAIN_SELF = YES;
				CLANG_WARN_OBJC_LITERAL_CONVERSION = YES;
				CLANG_WARN_OBJC_ROOT_CLASS = YES_ERROR;
				CLANG_WARN_QUOTED_INCLUDE_IN_FRAMEWORK_HEADER = YES;
				CLANG_WARN_RANGE_LOOP_ANALYSIS = YES;
				CLANG_WARN_STRICT_PROTOTYPES = YES;
				CLANG_WARN_SUSPICIOUS_MOVE = YES;
				CLANG_WARN_UNGUARDED_AVAILABILITY = YES_AGGRESSIVE;
				CLANG_WARN_UNREACHABLE_CODE = YES;
				CLANG_WARN__DUPLICATE_METHOD_MATCH = YES;
				COPY_PHASE_STRIP = NO;
				DEBUG_INFORMATION_FORMAT = dwarf;
				ENABLE_STRICT_OBJC_MSGSEND = YES;
				ENABLE_TESTABILITY = YES;
				GCC_C_LANGUAGE_STANDARD = gnu11;
				GCC_DYNAMIC_NO_PIC = NO;
				GCC_NO_COMMON_BLOCKS = YES;
				GCC_OPTIMIZATION_LEVEL = 0;
				GCC_PREPROCESSOR_DEFINITIONS = (
					"DEBUG=1",
					"$(inherited)",
				);
				GCC_WARN_64_TO_32_BIT_CONVERSION = YES;
				GCC_WARN_ABOUT_RETURN_TYPE = YES_ERROR;
				GCC_WARN_UNDECLARED_SELECTOR = YES;
				GCC_WARN_UNINITIALIZED_AUTOS = YES_AGGRESSIVE;
				GCC_WARN_UNUSED_FUNCTION = YES;
				GCC_WARN_UNUSED_VARIABLE = YES;
				IPHONEOS_DEPLOYMENT_TARGET = 16.2;
				MTL_ENABLE_DEBUG_INFO = INCLUDE_SOURCE;
				MTL_FAST_MATH = YES;
				ONLY_ACTIVE_ARCH = YES;
				SDKROOT = iphoneos;
				SWIFT_ACTIVE_COMPILATION_CONDITIONS = DEBUG;
				SWIFT_OPTIMIZATION_LEVEL = "-Onone";
			};
			name = Debug;
		};
		573EC3B229DA3BA2007B18CE /* Release */ = {
			isa = XCBuildConfiguration;
			buildSettings = {
				ALWAYS_SEARCH_USER_PATHS = NO;
				CLANG_ANALYZER_NONNULL = YES;
				CLANG_ANALYZER_NUMBER_OBJECT_CONVERSION = YES_AGGRESSIVE;
				CLANG_CXX_LANGUAGE_STANDARD = "gnu++20";
				CLANG_ENABLE_MODULES = YES;
				CLANG_ENABLE_OBJC_ARC = YES;
				CLANG_ENABLE_OBJC_WEAK = YES;
				CLANG_WARN_BLOCK_CAPTURE_AUTORELEASING = YES;
				CLANG_WARN_BOOL_CONVERSION = YES;
				CLANG_WARN_COMMA = YES;
				CLANG_WARN_CONSTANT_CONVERSION = YES;
				CLANG_WARN_DEPRECATED_OBJC_IMPLEMENTATIONS = YES;
				CLANG_WARN_DIRECT_OBJC_ISA_USAGE = YES_ERROR;
				CLANG_WARN_DOCUMENTATION_COMMENTS = YES;
				CLANG_WARN_EMPTY_BODY = YES;
				CLANG_WARN_ENUM_CONVERSION = YES;
				CLANG_WARN_INFINITE_RECURSION = YES;
				CLANG_WARN_INT_CONVERSION = YES;
				CLANG_WARN_NON_LITERAL_NULL_CONVERSION = YES;
				CLANG_WARN_OBJC_IMPLICIT_RETAIN_SELF = YES;
				CLANG_WARN_OBJC_LITERAL_CONVERSION = YES;
				CLANG_WARN_OBJC_ROOT_CLASS = YES_ERROR;
				CLANG_WARN_QUOTED_INCLUDE_IN_FRAMEWORK_HEADER = YES;
				CLANG_WARN_RANGE_LOOP_ANALYSIS = YES;
				CLANG_WARN_STRICT_PROTOTYPES = YES;
				CLANG_WARN_SUSPICIOUS_MOVE = YES;
				CLANG_WARN_UNGUARDED_AVAILABILITY = YES_AGGRESSIVE;
				CLANG_WARN_UNREACHABLE_CODE = YES;
				CLANG_WARN__DUPLICATE_METHOD_MATCH = YES;
				COPY_PHASE_STRIP = NO;
				DEBUG_INFORMATION_FORMAT = "dwarf-with-dsym";
				ENABLE_NS_ASSERTIONS = NO;
				ENABLE_STRICT_OBJC_MSGSEND = YES;
				GCC_C_LANGUAGE_STANDARD = gnu11;
				GCC_NO_COMMON_BLOCKS = YES;
				GCC_WARN_64_TO_32_BIT_CONVERSION = YES;
				GCC_WARN_ABOUT_RETURN_TYPE = YES_ERROR;
				GCC_WARN_UNDECLARED_SELECTOR = YES;
				GCC_WARN_UNINITIALIZED_AUTOS = YES_AGGRESSIVE;
				GCC_WARN_UNUSED_FUNCTION = YES;
				GCC_WARN_UNUSED_VARIABLE = YES;
				IPHONEOS_DEPLOYMENT_TARGET = 16.2;
				MTL_ENABLE_DEBUG_INFO = NO;
				MTL_FAST_MATH = YES;
				SDKROOT = iphoneos;
				SWIFT_COMPILATION_MODE = wholemodule;
				SWIFT_OPTIMIZATION_LEVEL = "-O";
				VALIDATE_PRODUCT = YES;
			};
			name = Release;
		};
		573EC3B429DA3BA2007B18CE /* Debug */ = {
			isa = XCBuildConfiguration;
			buildSettings = {
				ASSETCATALOG_COMPILER_APPICON_NAME = AppIcon;
				ASSETCATALOG_COMPILER_GLOBAL_ACCENT_COLOR_NAME = AccentColor;
				CODE_SIGN_STYLE = Automatic;
				CURRENT_PROJECT_VERSION = 1;
				DEVELOPMENT_TEAM = LZ32UK447H;
				GENERATE_INFOPLIST_FILE = YES;
				INFOPLIST_FILE = Curriculo/Info.plist;
				INFOPLIST_KEY_UIApplicationSupportsIndirectInputEvents = YES;
				INFOPLIST_KEY_UILaunchStoryboardName = LaunchScreen;
				INFOPLIST_KEY_UIMainStoryboardFile = Main;
				INFOPLIST_KEY_UISupportedInterfaceOrientations = UIInterfaceOrientationPortrait;
				INFOPLIST_KEY_UISupportedInterfaceOrientations_iPad = "UIInterfaceOrientationLandscapeLeft UIInterfaceOrientationLandscapeRight UIInterfaceOrientationPortrait UIInterfaceOrientationPortraitUpsideDown";
				LD_RUNPATH_SEARCH_PATHS = (
					"$(inherited)",
					"@executable_path/Frameworks",
				);
				MARKETING_VERSION = 1.0;
				PRODUCT_BUNDLE_IDENTIFIER = GustavoCompany.Curriculo;
				PRODUCT_NAME = "$(TARGET_NAME)";
				SWIFT_EMIT_LOC_STRINGS = YES;
				SWIFT_VERSION = 5.0;
				TARGETED_DEVICE_FAMILY = "1,2";
			};
			name = Debug;
		};
		573EC3B529DA3BA2007B18CE /* Release */ = {
			isa = XCBuildConfiguration;
			buildSettings = {
				ASSETCATALOG_COMPILER_APPICON_NAME = AppIcon;
				ASSETCATALOG_COMPILER_GLOBAL_ACCENT_COLOR_NAME = AccentColor;
				CODE_SIGN_STYLE = Automatic;
				CURRENT_PROJECT_VERSION = 1;
				DEVELOPMENT_TEAM = LZ32UK447H;
				GENERATE_INFOPLIST_FILE = YES;
				INFOPLIST_FILE = Curriculo/Info.plist;
				INFOPLIST_KEY_UIApplicationSupportsIndirectInputEvents = YES;
				INFOPLIST_KEY_UILaunchStoryboardName = LaunchScreen;
				INFOPLIST_KEY_UIMainStoryboardFile = Main;
				INFOPLIST_KEY_UISupportedInterfaceOrientations = UIInterfaceOrientationPortrait;
				INFOPLIST_KEY_UISupportedInterfaceOrientations_iPad = "UIInterfaceOrientationLandscapeLeft UIInterfaceOrientationLandscapeRight UIInterfaceOrientationPortrait UIInterfaceOrientationPortraitUpsideDown";
				LD_RUNPATH_SEARCH_PATHS = (
					"$(inherited)",
					"@executable_path/Frameworks",
				);
				MARKETING_VERSION = 1.0;
				PRODUCT_BUNDLE_IDENTIFIER = GustavoCompany.Curriculo;
				PRODUCT_NAME = "$(TARGET_NAME)";
				SWIFT_EMIT_LOC_STRINGS = YES;
				SWIFT_VERSION = 5.0;
				TARGETED_DEVICE_FAMILY = "1,2";
			};
			name = Release;
		};
		573EC3B729DA3BA2007B18CE /* Debug */ = {
			isa = XCBuildConfiguration;
			buildSettings = {
				ALWAYS_EMBED_SWIFT_STANDARD_LIBRARIES = YES;
				BUNDLE_LOADER = "$(TEST_HOST)";
				CODE_SIGN_STYLE = Automatic;
				CURRENT_PROJECT_VERSION = 1;
				DEVELOPMENT_TEAM = LZ32UK447H;
				GENERATE_INFOPLIST_FILE = YES;
				IPHONEOS_DEPLOYMENT_TARGET = 16.2;
				MARKETING_VERSION = 1.0;
				PRODUCT_BUNDLE_IDENTIFIER = GustavoCompany.CurriculoTests;
				PRODUCT_NAME = "$(TARGET_NAME)";
				SWIFT_EMIT_LOC_STRINGS = NO;
				SWIFT_VERSION = 5.0;
				TARGETED_DEVICE_FAMILY = "1,2";
				TEST_HOST = "$(BUILT_PRODUCTS_DIR)/Curriculo.app/$(BUNDLE_EXECUTABLE_FOLDER_PATH)/Curriculo";
			};
			name = Debug;
		};
		573EC3B829DA3BA2007B18CE /* Release */ = {
			isa = XCBuildConfiguration;
			buildSettings = {
				ALWAYS_EMBED_SWIFT_STANDARD_LIBRARIES = YES;
				BUNDLE_LOADER = "$(TEST_HOST)";
				CODE_SIGN_STYLE = Automatic;
				CURRENT_PROJECT_VERSION = 1;
				DEVELOPMENT_TEAM = LZ32UK447H;
				GENERATE_INFOPLIST_FILE = YES;
				IPHONEOS_DEPLOYMENT_TARGET = 16.2;
				MARKETING_VERSION = 1.0;
				PRODUCT_BUNDLE_IDENTIFIER = GustavoCompany.CurriculoTests;
				PRODUCT_NAME = "$(TARGET_NAME)";
				SWIFT_EMIT_LOC_STRINGS = NO;
				SWIFT_VERSION = 5.0;
				TARGETED_DEVICE_FAMILY = "1,2";
				TEST_HOST = "$(BUILT_PRODUCTS_DIR)/Curriculo.app/$(BUNDLE_EXECUTABLE_FOLDER_PATH)/Curriculo";
			};
			name = Release;
		};
		573EC3BA29DA3BA2007B18CE /* Debug */ = {
			isa = XCBuildConfiguration;
			buildSettings = {
				ALWAYS_EMBED_SWIFT_STANDARD_LIBRARIES = YES;
				CODE_SIGN_STYLE = Automatic;
				CURRENT_PROJECT_VERSION = 1;
				DEVELOPMENT_TEAM = LZ32UK447H;
				GENERATE_INFOPLIST_FILE = YES;
				MARKETING_VERSION = 1.0;
				PRODUCT_BUNDLE_IDENTIFIER = GustavoCompany.CurriculoUITests;
				PRODUCT_NAME = "$(TARGET_NAME)";
				SWIFT_EMIT_LOC_STRINGS = NO;
				SWIFT_VERSION = 5.0;
				TARGETED_DEVICE_FAMILY = "1,2";
				TEST_TARGET_NAME = Curriculo;
			};
			name = Debug;
		};
		573EC3BB29DA3BA2007B18CE /* Release */ = {
			isa = XCBuildConfiguration;
			buildSettings = {
				ALWAYS_EMBED_SWIFT_STANDARD_LIBRARIES = YES;
				CODE_SIGN_STYLE = Automatic;
				CURRENT_PROJECT_VERSION = 1;
				DEVELOPMENT_TEAM = LZ32UK447H;
				GENERATE_INFOPLIST_FILE = YES;
				MARKETING_VERSION = 1.0;
				PRODUCT_BUNDLE_IDENTIFIER = GustavoCompany.CurriculoUITests;
				PRODUCT_NAME = "$(TARGET_NAME)";
				SWIFT_EMIT_LOC_STRINGS = NO;
				SWIFT_VERSION = 5.0;
				TARGETED_DEVICE_FAMILY = "1,2";
				TEST_TARGET_NAME = Curriculo;
			};
			name = Release;
		};
/* End XCBuildConfiguration section */

/* Begin XCConfigurationList section */
		573EC38429DA3BA1007B18CE /* Build configuration list for PBXProject "Curriculo" */ = {
			isa = XCConfigurationList;
			buildConfigurations = (
				573EC3B129DA3BA2007B18CE /* Debug */,
				573EC3B229DA3BA2007B18CE /* Release */,
			);
			defaultConfigurationIsVisible = 0;
			defaultConfigurationName = Release;
		};
		573EC3B329DA3BA2007B18CE /* Build configuration list for PBXNativeTarget "Curriculo" */ = {
			isa = XCConfigurationList;
			buildConfigurations = (
				573EC3B429DA3BA2007B18CE /* Debug */,
				573EC3B529DA3BA2007B18CE /* Release */,
			);
			defaultConfigurationIsVisible = 0;
			defaultConfigurationName = Release;
		};
		573EC3B629DA3BA2007B18CE /* Build configuration list for PBXNativeTarget "CurriculoTests" */ = {
			isa = XCConfigurationList;
			buildConfigurations = (
				573EC3B729DA3BA2007B18CE /* Debug */,
				573EC3B829DA3BA2007B18CE /* Release */,
			);
			defaultConfigurationIsVisible = 0;
			defaultConfigurationName = Release;
		};
		573EC3B929DA3BA2007B18CE /* Build configuration list for PBXNativeTarget "CurriculoUITests" */ = {
			isa = XCConfigurationList;
			buildConfigurations = (
				573EC3BA29DA3BA2007B18CE /* Debug */,
				573EC3BB29DA3BA2007B18CE /* Release */,
			);
			defaultConfigurationIsVisible = 0;
			defaultConfigurationName = Release;
		};
/* End XCConfigurationList section */
	};
	rootObject = 573EC38129DA3BA1007B18CE /* Project object */;
}
